
Microsoft Visual Studio Solution File, Format Version 12.00
# Visual Studio 2012
Project("{D954291E-2A0B-460D-934E-DC6B0785DB48}") = "CCFS", "CCFS\CCFS.shproj", "{C5A9BFF3-991E-4EB5-A947-554EA43464B7}"
EndProject
Project("{FAE04EC0-301F-11D3-BF4B-00C04F79EFBC}") = "CCFS.iOS", "iOS\CCFS.iOS.csproj", "{5CFFDD4A-ADFA-4D32-B793-510EB03C3D85}"
EndProject
Project("{FAE04EC0-301F-11D3-BF4B-00C04F79EFBC}") = "CCFS.Droid", "Droid\CCFS.Droid.csproj", "{2DA4C903-848B-43D4-AEE7-932D06851103}"
EndProject
Project("{2150E333-8FDC-42A3-9474-1A3956D46DE8}") = "Solution Items", "Solution Items", "{19573FD0-29BF-4038-98D0-534368A4F1E3}"
EndProject
Global
	GlobalSection(SolutionConfigurationPlatforms) = preSolution
		Debug|iPhoneSimulator = Debug|iPhoneSimulator
		Release|iPhone = Release|iPhone
		Release|iPhoneSimulator = Release|iPhoneSimulator
		Debug|iPhone = Debug|iPhone
		Debug|Any CPU = Debug|Any CPU
		Release|Any CPU = Release|Any CPU
	EndGlobalSection
	GlobalSection(ProjectConfigurationPlatforms) = postSolution
		{5CFFDD4A-ADFA-4D32-B793-510EB03C3D85}.Debug|iPhoneSimulator.ActiveCfg = Debug|iPhoneSimulator
		{5CFFDD4A-ADFA-4D32-B793-510EB03C3D85}.Debug|iPhoneSimulator.Build.0 = Debug|iPhoneSimulator
		{5CFFDD4A-ADFA-4D32-B793-510EB03C3D85}.Release|iPhone.ActiveCfg = Release|iPhone
		{5CFFDD4A-ADFA-4D32-B793-510EB03C3D85}.Release|iPhone.Build.0 = Release|iPhone
		{5CFFDD4A-ADFA-4D32-B793-510EB03C3D85}.Release|iPhoneSimulator.ActiveCfg = Release|iPhoneSimulator
		{5CFFDD4A-ADFA-4D32-B793-510EB03C3D85}.Release|iPhoneSimulator.Build.0 = Release|iPhoneSimulator
		{5CFFDD4A-ADFA-4D32-B793-510EB03C3D85}.Debug|iPhone.ActiveCfg = Debug|iPhone
		{5CFFDD4A-ADFA-4D32-B793-510EB03C3D85}.Debug|iPhone.Build.0 = Debug|iPhone
		{5CFFDD4A-ADFA-4D32-B793-510EB03C3D85}.Debug|Any CPU.ActiveCfg = Debug|iPhoneSimulator
		{5CFFDD4A-ADFA-4D32-B793-510EB03C3D85}.Debug|Any CPU.Build.0 = Debug|iPhoneSimulator
		{5CFFDD4A-ADFA-4D32-B793-510EB03C3D85}.Release|Any CPU.ActiveCfg = Release|iPhone
		{5CFFDD4A-ADFA-4D32-B793-510EB03C3D85}.Release|Any CPU.Build.0 = Release|iPhone
		{2DA4C903-848B-43D4-AEE7-932D06851103}.Debug|iPhoneSimulator.ActiveCfg = Debug|Any CPU
		{2DA4C903-848B-43D4-AEE7-932D06851103}.Debug|iPhoneSimulator.Build.0 = Debug|Any CPU
		{2DA4C903-848B-43D4-AEE7-932D06851103}.Release|iPhone.ActiveCfg = Release|Any CPU
		{2DA4C903-848B-43D4-AEE7-932D06851103}.Release|iPhone.Build.0 = Release|Any CPU
		{2DA4C903-848B-43D4-AEE7-932D06851103}.Release|iPhoneSimulator.ActiveCfg = Release|Any CPU
		{2DA4C903-848B-43D4-AEE7-932D06851103}.Release|iPhoneSimulator.Build.0 = Release|Any CPU
		{2DA4C903-848B-43D4-AEE7-932D06851103}.Debug|iPhone.ActiveCfg = Debug|Any CPU
		{2DA4C903-848B-43D4-AEE7-932D06851103}.Debug|iPhone.Build.0 = Debug|Any CPU
		{2DA4C903-848B-43D4-AEE7-932D06851103}.Debug|Any CPU.ActiveCfg = Debug|Any CPU
		{2DA4C903-848B-43D4-AEE7-932D06851103}.Debug|Any CPU.Build.0 = Debug|Any CPU
		{2DA4C903-848B-43D4-AEE7-932D06851103}.Release|Any CPU.ActiveCfg = Release|Any CPU
		{2DA4C903-848B-43D4-AEE7-932D06851103}.Release|Any CPU.Build.0 = Release|Any CPU
	EndGlobalSection
	GlobalSection(MonoDevelopProperties) = preSolution
		Policies = $0
		$0.StandardHeader = $1
	EndGlobalSection
EndGlobal
